
Microsoft Visual Studio Solution File, Format Version 12.00
# Visual Studio 15
VisualStudioVersion = 15.0.28307.572
MinimumVisualStudioVersion = 10.0.40219.1
Project("{FAE04EC0-301F-11D3-BF4B-00C04F79EFBC}") = "GameLogic", "GameLogic\GameLogic.csproj", "{672469B0-48C5-485E-AC66-0DB4808E0D1B}"
EndProject
Project("{FAE04EC0-301F-11D3-BF4B-00C04F79EFBC}") = "UserInterface", "UserInterface\UserInterface.csproj", "{07B9A7E1-BA96-40AA-BFA4-7D8BD5BBD6DF}"
EndProject
Global
	GlobalSection(SolutionConfigurationPlatforms) = preSolution
		Debug|Any CPU = Debug|Any CPU
		Release|Any CPU = Release|Any CPU
	EndGlobalSection
	GlobalSection(ProjectConfigurationPlatforms) = postSolution
		{672469B0-48C5-485E-AC66-0DB4808E0D1B}.Debug|Any CPU.ActiveCfg = Debug|Any CPU
		{672469B0-48C5-485E-AC66-0DB4808E0D1B}.Debug|Any CPU.Build.0 = Debug|Any CPU
		{672469B0-48C5-485E-AC66-0DB4808E0D1B}.Release|Any CPU.ActiveCfg = Release|Any CPU
		{672469B0-48C5-485E-AC66-0DB4808E0D1B}.Release|Any CPU.Build.0 = Release|Any CPU
		{07B9A7E1-BA96-40AA-BFA4-7D8BD5BBD6DF}.Debug|Any CPU.ActiveCfg = Debug|Any CPU
		{07B9A7E1-BA96-40AA-BFA4-7D8BD5BBD6DF}.Debug|Any CPU.Build.0 = Debug|Any CPU
		{07B9A7E1-BA96-40AA-BFA4-7D8BD5BBD6DF}.Release|Any CPU.ActiveCfg = Release|Any CPU
		{07B9A7E1-BA96-40AA-BFA4-7D8BD5BBD6DF}.Release|Any CPU.Build.0 = Release|Any CPU
	EndGlobalSection
	GlobalSection(SolutionProperties) = preSolution
		HideSolutionNode = FALSE
	EndGlobalSection
	GlobalSection(ExtensibilityGlobals) = postSolution
		SolutionGuid = {A04306C6-1F41-4F8B-89BE-547A4278F942}
	EndGlobalSection
EndGlobal
